
Microsoft Visual Studio Solution File, Format Version 12.00
# Visual Studio 15
VisualStudioVersion = 15.0.26730.10
MinimumVisualStudioVersion = 10.0.40219.1
Project("{FAE04EC0-301F-11D3-BF4B-00C04F79EFBC}") = "SchoolLogicToBusPlanner", "SchoolLogicToBusPlanner\SchoolLogicToBusPlanner.csproj", "{8624FF46-3511-4A20-82E3-B63749A95080}"
EndProject
Global
	GlobalSection(SolutionConfigurationPlatforms) = preSolution
		Debug|Any CPU = Debug|Any CPU
		Release|Any CPU = Release|Any CPU
	EndGlobalSection
	GlobalSection(ProjectConfigurationPlatforms) = postSolution
		{8624FF46-3511-4A20-82E3-B63749A95080}.Debug|Any CPU.ActiveCfg = Debug|Any CPU
		{8624FF46-3511-4A20-82E3-B63749A95080}.Debug|Any CPU.Build.0 = Debug|Any CPU
		{8624FF46-3511-4A20-82E3-B63749A95080}.Release|Any CPU.ActiveCfg = Release|Any CPU
		{8624FF46-3511-4A20-82E3-B63749A95080}.Release|Any CPU.Build.0 = Release|Any CPU
	EndGlobalSection
	GlobalSection(SolutionProperties) = preSolution
		HideSolutionNode = FALSE
	EndGlobalSection
	GlobalSection(ExtensibilityGlobals) = postSolution
		SolutionGuid = {B529DEA4-1FCF-4B35-8ADB-0F0517EA7A6E}
	EndGlobalSection
EndGlobal
